
Microsoft Visual Studio Solution File, Format Version 12.00
# Visual Studio Version 16
VisualStudioVersion = 16.0.810.12
MinimumVisualStudioVersion = 10.0.40219.1
Project("{FAE04EC0-301F-11D3-BF4B-00C04F79EFBC}") = "Passwordexercise", "Passwordexercise.csproj", "{B9310DD7-0EFE-4DC1-84C0-19EE90B0ED92}"
EndProject
Global
	GlobalSection(SolutionConfigurationPlatforms) = preSolution
		Debug|Any CPU = Debug|Any CPU
		Release|Any CPU = Release|Any CPU
	EndGlobalSection
	GlobalSection(ProjectConfigurationPlatforms) = postSolution
		{B9310DD7-0EFE-4DC1-84C0-19EE90B0ED92}.Debug|Any CPU.ActiveCfg = Debug|Any CPU
		{B9310DD7-0EFE-4DC1-84C0-19EE90B0ED92}.Debug|Any CPU.Build.0 = Debug|Any CPU
		{B9310DD7-0EFE-4DC1-84C0-19EE90B0ED92}.Release|Any CPU.ActiveCfg = Release|Any CPU
		{B9310DD7-0EFE-4DC1-84C0-19EE90B0ED92}.Release|Any CPU.Build.0 = Release|Any CPU
	EndGlobalSection
	GlobalSection(SolutionProperties) = preSolution
		HideSolutionNode = FALSE
	EndGlobalSection
	GlobalSection(ExtensibilityGlobals) = postSolution
		SolutionGuid = {849372F8-8E7D-4E1B-9B30-896768B9B2A4}
	EndGlobalSection
EndGlobal
